
Microsoft Visual Studio Solution File, Format Version 12.00
# Visual Studio Version 17
VisualStudioVersion = 17.9.34902.65
MinimumVisualStudioVersion = 10.0.40219.1
Project("{FAE04EC0-301F-11D3-BF4B-00C04F79EFBC}") = "PatiKopru", "PatiKopru.csproj", "{ADC3449D-C827-4E34-9ACF-F830E0802C53}"
EndProject
Global
	GlobalSection(SolutionConfigurationPlatforms) = preSolution
		Debug|Any CPU = Debug|Any CPU
		Release|Any CPU = Release|Any CPU
	EndGlobalSection
	GlobalSection(ProjectConfigurationPlatforms) = postSolution
		{ADC3449D-C827-4E34-9ACF-F830E0802C53}.Debug|Any CPU.ActiveCfg = Debug|Any CPU
		{ADC3449D-C827-4E34-9ACF-F830E0802C53}.Debug|Any CPU.Build.0 = Debug|Any CPU
		{ADC3449D-C827-4E34-9ACF-F830E0802C53}.Release|Any CPU.ActiveCfg = Release|Any CPU
		{ADC3449D-C827-4E34-9ACF-F830E0802C53}.Release|Any CPU.Build.0 = Release|Any CPU
	EndGlobalSection
	GlobalSection(SolutionProperties) = preSolution
		HideSolutionNode = FALSE
	EndGlobalSection
	GlobalSection(ExtensibilityGlobals) = postSolution
		SolutionGuid = {3B393B3B-0365-4E8D-95F0-B168B5E1732C}
	EndGlobalSection
EndGlobal
